
Microsoft Visual Studio Solution File, Format Version 12.00
# Visual Studio Version 17
VisualStudioVersion = 17.6.33815.320
MinimumVisualStudioVersion = 10.0.40219.1
Project("{9A19103F-16F7-4668-BE54-9A1E7A4F7556}") = "Arrays", "Arrays\Arrays.csproj", "{A97C620D-DDF5-465C-9A77-334C3F2E0846}"
EndProject
Project("{FAE04EC0-301F-11D3-BF4B-00C04F79EFBC}") = "Boolean Types & Operators", "Boolean Types & Operators\Boolean Types & Operators.csproj", "{6C9E1E1B-E49F-424C-B729-D44810027088}"
EndProject
Project("{FAE04EC0-301F-11D3-BF4B-00C04F79EFBC}") = "Expressions&Selection&Itrations", "Expressions&Selection&Itrations\Expressions&Selection&Itrations.csproj", "{1473CD29-D76B-4F67-AEEC-E7C85AACB048}"
EndProject
Project("{FAE04EC0-301F-11D3-BF4B-00C04F79EFBC}") = "CastingAndTypeConversions", "CastingAndTypeConversions\CastingAndTypeConversions.csproj", "{A1FDBC05-931F-497E-BEA4-1A1EBFA2D093}"
EndProject
Global
	GlobalSection(SolutionConfigurationPlatforms) = preSolution
		Debug|Any CPU = Debug|Any CPU
		Release|Any CPU = Release|Any CPU
	EndGlobalSection
	GlobalSection(ProjectConfigurationPlatforms) = postSolution
		{A97C620D-DDF5-465C-9A77-334C3F2E0846}.Debug|Any CPU.ActiveCfg = Debug|Any CPU
		{A97C620D-DDF5-465C-9A77-334C3F2E0846}.Debug|Any CPU.Build.0 = Debug|Any CPU
		{A97C620D-DDF5-465C-9A77-334C3F2E0846}.Release|Any CPU.ActiveCfg = Release|Any CPU
		{A97C620D-DDF5-465C-9A77-334C3F2E0846}.Release|Any CPU.Build.0 = Release|Any CPU
		{6C9E1E1B-E49F-424C-B729-D44810027088}.Debug|Any CPU.ActiveCfg = Debug|Any CPU
		{6C9E1E1B-E49F-424C-B729-D44810027088}.Debug|Any CPU.Build.0 = Debug|Any CPU
		{6C9E1E1B-E49F-424C-B729-D44810027088}.Release|Any CPU.ActiveCfg = Release|Any CPU
		{6C9E1E1B-E49F-424C-B729-D44810027088}.Release|Any CPU.Build.0 = Release|Any CPU
		{1473CD29-D76B-4F67-AEEC-E7C85AACB048}.Debug|Any CPU.ActiveCfg = Debug|Any CPU
		{1473CD29-D76B-4F67-AEEC-E7C85AACB048}.Debug|Any CPU.Build.0 = Debug|Any CPU
		{1473CD29-D76B-4F67-AEEC-E7C85AACB048}.Release|Any CPU.ActiveCfg = Release|Any CPU
		{1473CD29-D76B-4F67-AEEC-E7C85AACB048}.Release|Any CPU.Build.0 = Release|Any CPU
		{A1FDBC05-931F-497E-BEA4-1A1EBFA2D093}.Debug|Any CPU.ActiveCfg = Debug|Any CPU
		{A1FDBC05-931F-497E-BEA4-1A1EBFA2D093}.Debug|Any CPU.Build.0 = Debug|Any CPU
		{A1FDBC05-931F-497E-BEA4-1A1EBFA2D093}.Release|Any CPU.ActiveCfg = Release|Any CPU
		{A1FDBC05-931F-497E-BEA4-1A1EBFA2D093}.Release|Any CPU.Build.0 = Release|Any CPU
	EndGlobalSection
	GlobalSection(SolutionProperties) = preSolution
		HideSolutionNode = FALSE
	EndGlobalSection
	GlobalSection(ExtensibilityGlobals) = postSolution
		SolutionGuid = {914B9012-9E61-4183-B00D-51CA567E9DC4}
	EndGlobalSection
EndGlobal
