
Microsoft Visual Studio Solution File, Format Version 12.00
# Visual Studio Version 17
VisualStudioVersion = 17.6.33815.320
MinimumVisualStudioVersion = 10.0.40219.1
Project("{9A19103F-16F7-4668-BE54-9A1E7A4F7556}") = "Arrays", "Arrays\Arrays.csproj", "{A97C620D-DDF5-465C-9A77-334C3F2E0846}"
EndProject
Project("{9A19103F-16F7-4668-BE54-9A1E7A4F7556}") = "Boolean Types & Operators", "Boolean Types & Operators\Boolean Types & Operators.csproj", "{6C9E1E1B-E49F-424C-B729-D44810027088}"
EndProject
Project("{9A19103F-16F7-4668-BE54-9A1E7A4F7556}") = "Expressions&Selection&Itrations", "Expressions&Selection&Itrations\Expressions&Selection&Itrations.csproj", "{1473CD29-D76B-4F67-AEEC-E7C85AACB048}"
EndProject
Project("{9A19103F-16F7-4668-BE54-9A1E7A4F7556}") = "CastingAndTypeConversions", "CastingAndTypeConversions\CastingAndTypeConversions.csproj", "{A1FDBC05-931F-497E-BEA4-1A1EBFA2D093}"
EndProject
Project("{9A19103F-16F7-4668-BE54-9A1E7A4F7556}") = "Constractors", "Constractors\Constractors.csproj", "{2032725B-63E9-4DFB-9CC0-B054C08E27CC}"
EndProject
Project("{9A19103F-16F7-4668-BE54-9A1E7A4F7556}") = "Methods", "Methods\Methods.csproj", "{DDC526EF-CE0C-463A-8F46-826C655BB203}"
EndProject
Project("{9A19103F-16F7-4668-BE54-9A1E7A4F7556}") = "Properties", "Properties\Properties.csproj", "{7B19E231-C3B9-462D-873A-950E59636721}"
EndProject
Project("{9A19103F-16F7-4668-BE54-9A1E7A4F7556}") = "Indexers", "Indexers\Indexers.csproj", "{5F2C022F-AA6B-4D6A-834B-04AC1B21AA22}"
EndProject
Project("{9A19103F-16F7-4668-BE54-9A1E7A4F7556}") = "Delegates", "Delegates\Delegates.csproj", "{30CF0910-357A-48AC-8677-A453D69C1D24}"
EndProject
Project("{9A19103F-16F7-4668-BE54-9A1E7A4F7556}") = "Events", "Events\Events.csproj", "{FCA9A7D4-F144-4650-A224-978BB51B2A56}"
EndProject
Project("{9A19103F-16F7-4668-BE54-9A1E7A4F7556}") = "OperatorOverLoading", "OperatorOverLoading\OperatorOverLoading.csproj", "{5783BF75-F57C-4892-8C80-2A8BC82C4CF3}"
EndProject
Project("{9A19103F-16F7-4668-BE54-9A1E7A4F7556}") = "Finalizers", "Finalizers\Finalizers.csproj", "{B9910C03-0DFE-4E77-958D-0C24C9EEF7E9}"
EndProject
Project("{9A19103F-16F7-4668-BE54-9A1E7A4F7556}") = "Struct", "Struct\Struct.csproj", "{08446699-96E7-48FE-9FEC-A431BE8DC2F1}"
EndProject
Project("{9A19103F-16F7-4668-BE54-9A1E7A4F7556}") = "Generic", "Generic\Generic.csproj", "{F50C91C2-ED32-473F-AB97-A28F06EC2316}"
EndProject
Project("{9A19103F-16F7-4668-BE54-9A1E7A4F7556}") = "GenericDelegates", "GenericDelegates\GenericDelegates.csproj", "{C8C78446-453A-4ED8-ADB1-85949E6A5F94}"
EndProject
Project("{9A19103F-16F7-4668-BE54-9A1E7A4F7556}") = "Exceptions", "Exceptions\Exceptions.csproj", "{A42E6D9E-D3B9-4B3A-AABA-45CEF38443F6}"
EndProject
Project("{9A19103F-16F7-4668-BE54-9A1E7A4F7556}") = "CommonInterfacesAndMethods", "CommonInterfacesAndMethods\CommonInterfacesAndMethods.csproj", "{180E64D2-4C18-48F4-8CE7-06F7E6AB188F}"
EndProject
Project("{9A19103F-16F7-4668-BE54-9A1E7A4F7556}") = "XML_Decommentaion", "XML_Decommentaion\XML_Decommentaion.csproj", "{CC883C29-DFE1-416E-9C94-4F190BA9A411}"
EndProject
Project("{9A19103F-16F7-4668-BE54-9A1E7A4F7556}") = "Reflection", "Reflection\Reflection.csproj", "{AC133B7A-6BC5-42D7-8257-0882FFE003D1}"
EndProject
Project("{9A19103F-16F7-4668-BE54-9A1E7A4F7556}") = "ExtensionMethods", "ExtensionMethods\ExtensionMethods.csproj", "{9BD17501-5FE6-4AF4-A98E-EA7C75A86FEF}"
EndProject
Project("{9A19103F-16F7-4668-BE54-9A1E7A4F7556}") = "List", "List\List.csproj", "{D60FCC0E-32A7-46C0-9A23-C5DFF202E0E1}"
EndProject
Project("{FAE04EC0-301F-11D3-BF4B-00C04F79EFBC}") = "Dictionary", "Dictionary\Dictionary.csproj", "{5229A18C-7E79-40B2-8D78-0909C86C2BF4}"
EndProject
Global
	GlobalSection(SolutionConfigurationPlatforms) = preSolution
		Debug|Any CPU = Debug|Any CPU
		Release|Any CPU = Release|Any CPU
	EndGlobalSection
	GlobalSection(ProjectConfigurationPlatforms) = postSolution
		{A97C620D-DDF5-465C-9A77-334C3F2E0846}.Debug|Any CPU.ActiveCfg = Debug|Any CPU
		{A97C620D-DDF5-465C-9A77-334C3F2E0846}.Debug|Any CPU.Build.0 = Debug|Any CPU
		{A97C620D-DDF5-465C-9A77-334C3F2E0846}.Release|Any CPU.ActiveCfg = Release|Any CPU
		{A97C620D-DDF5-465C-9A77-334C3F2E0846}.Release|Any CPU.Build.0 = Release|Any CPU
		{6C9E1E1B-E49F-424C-B729-D44810027088}.Debug|Any CPU.ActiveCfg = Debug|Any CPU
		{6C9E1E1B-E49F-424C-B729-D44810027088}.Debug|Any CPU.Build.0 = Debug|Any CPU
		{6C9E1E1B-E49F-424C-B729-D44810027088}.Release|Any CPU.ActiveCfg = Release|Any CPU
		{6C9E1E1B-E49F-424C-B729-D44810027088}.Release|Any CPU.Build.0 = Release|Any CPU
		{1473CD29-D76B-4F67-AEEC-E7C85AACB048}.Debug|Any CPU.ActiveCfg = Debug|Any CPU
		{1473CD29-D76B-4F67-AEEC-E7C85AACB048}.Debug|Any CPU.Build.0 = Debug|Any CPU
		{1473CD29-D76B-4F67-AEEC-E7C85AACB048}.Release|Any CPU.ActiveCfg = Release|Any CPU
		{1473CD29-D76B-4F67-AEEC-E7C85AACB048}.Release|Any CPU.Build.0 = Release|Any CPU
		{A1FDBC05-931F-497E-BEA4-1A1EBFA2D093}.Debug|Any CPU.ActiveCfg = Debug|Any CPU
		{A1FDBC05-931F-497E-BEA4-1A1EBFA2D093}.Debug|Any CPU.Build.0 = Debug|Any CPU
		{A1FDBC05-931F-497E-BEA4-1A1EBFA2D093}.Release|Any CPU.ActiveCfg = Release|Any CPU
		{A1FDBC05-931F-497E-BEA4-1A1EBFA2D093}.Release|Any CPU.Build.0 = Release|Any CPU
		{2032725B-63E9-4DFB-9CC0-B054C08E27CC}.Debug|Any CPU.ActiveCfg = Debug|Any CPU
		{2032725B-63E9-4DFB-9CC0-B054C08E27CC}.Debug|Any CPU.Build.0 = Debug|Any CPU
		{2032725B-63E9-4DFB-9CC0-B054C08E27CC}.Release|Any CPU.ActiveCfg = Release|Any CPU
		{2032725B-63E9-4DFB-9CC0-B054C08E27CC}.Release|Any CPU.Build.0 = Release|Any CPU
		{DDC526EF-CE0C-463A-8F46-826C655BB203}.Debug|Any CPU.ActiveCfg = Debug|Any CPU
		{DDC526EF-CE0C-463A-8F46-826C655BB203}.Debug|Any CPU.Build.0 = Debug|Any CPU
		{DDC526EF-CE0C-463A-8F46-826C655BB203}.Release|Any CPU.ActiveCfg = Release|Any CPU
		{DDC526EF-CE0C-463A-8F46-826C655BB203}.Release|Any CPU.Build.0 = Release|Any CPU
		{7B19E231-C3B9-462D-873A-950E59636721}.Debug|Any CPU.ActiveCfg = Debug|Any CPU
		{7B19E231-C3B9-462D-873A-950E59636721}.Debug|Any CPU.Build.0 = Debug|Any CPU
		{7B19E231-C3B9-462D-873A-950E59636721}.Release|Any CPU.ActiveCfg = Release|Any CPU
		{7B19E231-C3B9-462D-873A-950E59636721}.Release|Any CPU.Build.0 = Release|Any CPU
		{5F2C022F-AA6B-4D6A-834B-04AC1B21AA22}.Debug|Any CPU.ActiveCfg = Debug|Any CPU
		{5F2C022F-AA6B-4D6A-834B-04AC1B21AA22}.Debug|Any CPU.Build.0 = Debug|Any CPU
		{5F2C022F-AA6B-4D6A-834B-04AC1B21AA22}.Release|Any CPU.ActiveCfg = Release|Any CPU
		{5F2C022F-AA6B-4D6A-834B-04AC1B21AA22}.Release|Any CPU.Build.0 = Release|Any CPU
		{30CF0910-357A-48AC-8677-A453D69C1D24}.Debug|Any CPU.ActiveCfg = Debug|Any CPU
		{30CF0910-357A-48AC-8677-A453D69C1D24}.Debug|Any CPU.Build.0 = Debug|Any CPU
		{30CF0910-357A-48AC-8677-A453D69C1D24}.Release|Any CPU.ActiveCfg = Release|Any CPU
		{30CF0910-357A-48AC-8677-A453D69C1D24}.Release|Any CPU.Build.0 = Release|Any CPU
		{FCA9A7D4-F144-4650-A224-978BB51B2A56}.Debug|Any CPU.ActiveCfg = Debug|Any CPU
		{FCA9A7D4-F144-4650-A224-978BB51B2A56}.Debug|Any CPU.Build.0 = Debug|Any CPU
		{FCA9A7D4-F144-4650-A224-978BB51B2A56}.Release|Any CPU.ActiveCfg = Release|Any CPU
		{FCA9A7D4-F144-4650-A224-978BB51B2A56}.Release|Any CPU.Build.0 = Release|Any CPU
		{5783BF75-F57C-4892-8C80-2A8BC82C4CF3}.Debug|Any CPU.ActiveCfg = Debug|Any CPU
		{5783BF75-F57C-4892-8C80-2A8BC82C4CF3}.Debug|Any CPU.Build.0 = Debug|Any CPU
		{5783BF75-F57C-4892-8C80-2A8BC82C4CF3}.Release|Any CPU.ActiveCfg = Release|Any CPU
		{5783BF75-F57C-4892-8C80-2A8BC82C4CF3}.Release|Any CPU.Build.0 = Release|Any CPU
		{B9910C03-0DFE-4E77-958D-0C24C9EEF7E9}.Debug|Any CPU.ActiveCfg = Debug|Any CPU
		{B9910C03-0DFE-4E77-958D-0C24C9EEF7E9}.Debug|Any CPU.Build.0 = Debug|Any CPU
		{B9910C03-0DFE-4E77-958D-0C24C9EEF7E9}.Release|Any CPU.ActiveCfg = Release|Any CPU
		{B9910C03-0DFE-4E77-958D-0C24C9EEF7E9}.Release|Any CPU.Build.0 = Release|Any CPU
		{08446699-96E7-48FE-9FEC-A431BE8DC2F1}.Debug|Any CPU.ActiveCfg = Debug|Any CPU
		{08446699-96E7-48FE-9FEC-A431BE8DC2F1}.Debug|Any CPU.Build.0 = Debug|Any CPU
		{08446699-96E7-48FE-9FEC-A431BE8DC2F1}.Release|Any CPU.ActiveCfg = Release|Any CPU
		{08446699-96E7-48FE-9FEC-A431BE8DC2F1}.Release|Any CPU.Build.0 = Release|Any CPU
		{F50C91C2-ED32-473F-AB97-A28F06EC2316}.Debug|Any CPU.ActiveCfg = Debug|Any CPU
		{F50C91C2-ED32-473F-AB97-A28F06EC2316}.Debug|Any CPU.Build.0 = Debug|Any CPU
		{F50C91C2-ED32-473F-AB97-A28F06EC2316}.Release|Any CPU.ActiveCfg = Release|Any CPU
		{F50C91C2-ED32-473F-AB97-A28F06EC2316}.Release|Any CPU.Build.0 = Release|Any CPU
		{C8C78446-453A-4ED8-ADB1-85949E6A5F94}.Debug|Any CPU.ActiveCfg = Debug|Any CPU
		{C8C78446-453A-4ED8-ADB1-85949E6A5F94}.Debug|Any CPU.Build.0 = Debug|Any CPU
		{C8C78446-453A-4ED8-ADB1-85949E6A5F94}.Release|Any CPU.ActiveCfg = Release|Any CPU
		{C8C78446-453A-4ED8-ADB1-85949E6A5F94}.Release|Any CPU.Build.0 = Release|Any CPU
		{A42E6D9E-D3B9-4B3A-AABA-45CEF38443F6}.Debug|Any CPU.ActiveCfg = Debug|Any CPU
		{A42E6D9E-D3B9-4B3A-AABA-45CEF38443F6}.Debug|Any CPU.Build.0 = Debug|Any CPU
		{A42E6D9E-D3B9-4B3A-AABA-45CEF38443F6}.Release|Any CPU.ActiveCfg = Release|Any CPU
		{A42E6D9E-D3B9-4B3A-AABA-45CEF38443F6}.Release|Any CPU.Build.0 = Release|Any CPU
		{180E64D2-4C18-48F4-8CE7-06F7E6AB188F}.Debug|Any CPU.ActiveCfg = Debug|Any CPU
		{180E64D2-4C18-48F4-8CE7-06F7E6AB188F}.Debug|Any CPU.Build.0 = Debug|Any CPU
		{180E64D2-4C18-48F4-8CE7-06F7E6AB188F}.Release|Any CPU.ActiveCfg = Release|Any CPU
		{180E64D2-4C18-48F4-8CE7-06F7E6AB188F}.Release|Any CPU.Build.0 = Release|Any CPU
		{CC883C29-DFE1-416E-9C94-4F190BA9A411}.Debug|Any CPU.ActiveCfg = Debug|Any CPU
		{CC883C29-DFE1-416E-9C94-4F190BA9A411}.Debug|Any CPU.Build.0 = Debug|Any CPU
		{CC883C29-DFE1-416E-9C94-4F190BA9A411}.Release|Any CPU.ActiveCfg = Release|Any CPU
		{CC883C29-DFE1-416E-9C94-4F190BA9A411}.Release|Any CPU.Build.0 = Release|Any CPU
		{AC133B7A-6BC5-42D7-8257-0882FFE003D1}.Debug|Any CPU.ActiveCfg = Debug|Any CPU
		{AC133B7A-6BC5-42D7-8257-0882FFE003D1}.Debug|Any CPU.Build.0 = Debug|Any CPU
		{AC133B7A-6BC5-42D7-8257-0882FFE003D1}.Release|Any CPU.ActiveCfg = Release|Any CPU
		{AC133B7A-6BC5-42D7-8257-0882FFE003D1}.Release|Any CPU.Build.0 = Release|Any CPU
		{9BD17501-5FE6-4AF4-A98E-EA7C75A86FEF}.Debug|Any CPU.ActiveCfg = Debug|Any CPU
		{9BD17501-5FE6-4AF4-A98E-EA7C75A86FEF}.Debug|Any CPU.Build.0 = Debug|Any CPU
		{9BD17501-5FE6-4AF4-A98E-EA7C75A86FEF}.Release|Any CPU.ActiveCfg = Release|Any CPU
		{9BD17501-5FE6-4AF4-A98E-EA7C75A86FEF}.Release|Any CPU.Build.0 = Release|Any CPU
		{D60FCC0E-32A7-46C0-9A23-C5DFF202E0E1}.Debug|Any CPU.ActiveCfg = Debug|Any CPU
		{D60FCC0E-32A7-46C0-9A23-C5DFF202E0E1}.Debug|Any CPU.Build.0 = Debug|Any CPU
		{D60FCC0E-32A7-46C0-9A23-C5DFF202E0E1}.Release|Any CPU.ActiveCfg = Release|Any CPU
		{D60FCC0E-32A7-46C0-9A23-C5DFF202E0E1}.Release|Any CPU.Build.0 = Release|Any CPU
		{5229A18C-7E79-40B2-8D78-0909C86C2BF4}.Debug|Any CPU.ActiveCfg = Debug|Any CPU
		{5229A18C-7E79-40B2-8D78-0909C86C2BF4}.Debug|Any CPU.Build.0 = Debug|Any CPU
		{5229A18C-7E79-40B2-8D78-0909C86C2BF4}.Release|Any CPU.ActiveCfg = Release|Any CPU
		{5229A18C-7E79-40B2-8D78-0909C86C2BF4}.Release|Any CPU.Build.0 = Release|Any CPU
	EndGlobalSection
	GlobalSection(SolutionProperties) = preSolution
		HideSolutionNode = FALSE
	EndGlobalSection
	GlobalSection(ExtensibilityGlobals) = postSolution
		SolutionGuid = {914B9012-9E61-4183-B00D-51CA567E9DC4}
	EndGlobalSection
EndGlobal
